{
  "name": "@vigano_snackbar/react-native-snackbar",
  "version": "1.0.0",
  "lockfileVersion": 1,
  "requires": true,
  "dependencies": {
    "react-native-simple-events": {
      "version": "1.0.1",
      "resolved": "https://registry.npmjs.org/react-native-simple-events/-/react-native-simple-events-1.0.1.tgz",
      "integrity": "sha1-fmNszRt+AwKct43J1Z0ACfc6O9Y="
    }
  }
}
